
Microsoft Visual Studio Solution File, Format Version 12.00
# Visual Studio Version 17
VisualStudioVersion = 17.12.35527.113 d17.12
MinimumVisualStudioVersion = 10.0.40219.1
Project("{FAE04EC0-301F-11D3-BF4B-00C04F79EFBC}") = "Module_14.3.3", "Module_14.3.3\Module_14.3.3.csproj", "{2149A0BA-B837-4907-92FA-2E1A43A9181D}"
EndProject
Global
	GlobalSection(SolutionConfigurationPlatforms) = preSolution
		Debug|Any CPU = Debug|Any CPU
		Release|Any CPU = Release|Any CPU
	EndGlobalSection
	GlobalSection(ProjectConfigurationPlatforms) = postSolution
		{2149A0BA-B837-4907-92FA-2E1A43A9181D}.Debug|Any CPU.ActiveCfg = Debug|Any CPU
		{2149A0BA-B837-4907-92FA-2E1A43A9181D}.Debug|Any CPU.Build.0 = Debug|Any CPU
		{2149A0BA-B837-4907-92FA-2E1A43A9181D}.Release|Any CPU.ActiveCfg = Release|Any CPU
		{2149A0BA-B837-4907-92FA-2E1A43A9181D}.Release|Any CPU.Build.0 = Release|Any CPU
	EndGlobalSection
	GlobalSection(SolutionProperties) = preSolution
		HideSolutionNode = FALSE
	EndGlobalSection
EndGlobal
